
Microsoft Visual Studio Solution File, Format Version 12.00
# Visual Studio Version 17
VisualStudioVersion = 17.14.36301.6 d17.14
MinimumVisualStudioVersion = 10.0.40219.1
Project("{FAE04EC0-301F-11D3-BF4B-00C04F79EFBC}") = "Finishing_Plugin", "Finishing_Plugin.csproj", "{211B7F79-602A-4053-BE1D-1C7B7F0F4D8A}"
EndProject
Global
	GlobalSection(SolutionConfigurationPlatforms) = preSolution
		Debug|Any CPU = Debug|Any CPU
		Release|Any CPU = Release|Any CPU
	EndGlobalSection
	GlobalSection(ProjectConfigurationPlatforms) = postSolution
		{211B7F79-602A-4053-BE1D-1C7B7F0F4D8A}.Debug|Any CPU.ActiveCfg = Debug|Any CPU
		{211B7F79-602A-4053-BE1D-1C7B7F0F4D8A}.Debug|Any CPU.Build.0 = Debug|Any CPU
		{211B7F79-602A-4053-BE1D-1C7B7F0F4D8A}.Release|Any CPU.ActiveCfg = Release|Any CPU
		{211B7F79-602A-4053-BE1D-1C7B7F0F4D8A}.Release|Any CPU.Build.0 = Release|Any CPU
	EndGlobalSection
	GlobalSection(SolutionProperties) = preSolution
		HideSolutionNode = FALSE
	EndGlobalSection
	GlobalSection(ExtensibilityGlobals) = postSolution
		SolutionGuid = {1BCB7233-E6F2-4EC4-8F9F-21D1021EE383}
	EndGlobalSection
EndGlobal
